
Microsoft Visual Studio Solution File, Format Version 12.00
# Visual Studio Version 16
VisualStudioVersion = 16.0.30804.86
MinimumVisualStudioVersion = 10.0.40219.1
Project("{FAE04EC0-301F-11D3-BF4B-00C04F79EFBC}") = "AutoparkWeb", "AutoparkWeb.csproj", "{B09D7741-585E-4442-8C2A-48654D542BE3}"
EndProject
Global
	GlobalSection(SolutionConfigurationPlatforms) = preSolution
		Debug|Any CPU = Debug|Any CPU
		Release|Any CPU = Release|Any CPU
	EndGlobalSection
	GlobalSection(ProjectConfigurationPlatforms) = postSolution
		{B09D7741-585E-4442-8C2A-48654D542BE3}.Debug|Any CPU.ActiveCfg = Debug|Any CPU
		{B09D7741-585E-4442-8C2A-48654D542BE3}.Debug|Any CPU.Build.0 = Debug|Any CPU
		{B09D7741-585E-4442-8C2A-48654D542BE3}.Release|Any CPU.ActiveCfg = Release|Any CPU
		{B09D7741-585E-4442-8C2A-48654D542BE3}.Release|Any CPU.Build.0 = Release|Any CPU
	EndGlobalSection
	GlobalSection(SolutionProperties) = preSolution
		HideSolutionNode = FALSE
	EndGlobalSection
	GlobalSection(ExtensibilityGlobals) = postSolution
		SolutionGuid = {2C97B14F-3022-40EB-AFE6-109C7E5969FE}
	EndGlobalSection
EndGlobal
